
Microsoft Visual Studio Solution File, Format Version 12.00
# Visual Studio Version 17
VisualStudioVersion = 17.9.34728.123
MinimumVisualStudioVersion = 10.0.40219.1
Project("{9A19103F-16F7-4668-BE54-9A1E7A4F7556}") = "STADotNetCore.ConsoleApp", "STADotNetCore.ConsoleApp\STADotNetCore.ConsoleApp.csproj", "{1742AA63-E356-4A1E-BDC5-B9681B46363A}"
EndProject
Project("{2150E333-8FDC-42A3-9474-1A3956D46DE8}") = "Documents", "Documents", "{0612556A-66DA-49A3-A1FC-211A16353829}"
	ProjectSection(SolutionItems) = preProject
		README.md = README.md
		script.sql = script.sql
	EndProjectSection
EndProject
Project("{9A19103F-16F7-4668-BE54-9A1E7A4F7556}") = "STADotNetCore.RestApi", "STADotNetCore.RestApi\STADotNetCore.RestApi.csproj", "{CD9F322C-F0D9-4FD0-9755-7074785AB197}"
EndProject
Project("{FAE04EC0-301F-11D3-BF4B-00C04F79EFBC}") = "STADotNetCore.Shared", "STADotNetCore.Shared\STADotNetCore.Shared.csproj", "{604D52EA-ED52-4820-9819-79AD533753AD}"
EndProject
Global
	GlobalSection(SolutionConfigurationPlatforms) = preSolution
		Debug|Any CPU = Debug|Any CPU
		Release|Any CPU = Release|Any CPU
	EndGlobalSection
	GlobalSection(ProjectConfigurationPlatforms) = postSolution
		{1742AA63-E356-4A1E-BDC5-B9681B46363A}.Debug|Any CPU.ActiveCfg = Debug|Any CPU
		{1742AA63-E356-4A1E-BDC5-B9681B46363A}.Debug|Any CPU.Build.0 = Debug|Any CPU
		{1742AA63-E356-4A1E-BDC5-B9681B46363A}.Release|Any CPU.ActiveCfg = Release|Any CPU
		{1742AA63-E356-4A1E-BDC5-B9681B46363A}.Release|Any CPU.Build.0 = Release|Any CPU
		{CD9F322C-F0D9-4FD0-9755-7074785AB197}.Debug|Any CPU.ActiveCfg = Debug|Any CPU
		{CD9F322C-F0D9-4FD0-9755-7074785AB197}.Debug|Any CPU.Build.0 = Debug|Any CPU
		{CD9F322C-F0D9-4FD0-9755-7074785AB197}.Release|Any CPU.ActiveCfg = Release|Any CPU
		{CD9F322C-F0D9-4FD0-9755-7074785AB197}.Release|Any CPU.Build.0 = Release|Any CPU
		{604D52EA-ED52-4820-9819-79AD533753AD}.Debug|Any CPU.ActiveCfg = Debug|Any CPU
		{604D52EA-ED52-4820-9819-79AD533753AD}.Debug|Any CPU.Build.0 = Debug|Any CPU
		{604D52EA-ED52-4820-9819-79AD533753AD}.Release|Any CPU.ActiveCfg = Release|Any CPU
		{604D52EA-ED52-4820-9819-79AD533753AD}.Release|Any CPU.Build.0 = Release|Any CPU
	EndGlobalSection
	GlobalSection(SolutionProperties) = preSolution
		HideSolutionNode = FALSE
	EndGlobalSection
	GlobalSection(ExtensibilityGlobals) = postSolution
		SolutionGuid = {B0535263-396B-410F-A748-8BF5E2BED0A8}
	EndGlobalSection
EndGlobal
